
Microsoft Visual Studio Solution File, Format Version 12.00
# Visual Studio Version 16
VisualStudioVersion = 16.0.31019.35
MinimumVisualStudioVersion = 10.0.40219.1
Project("{2150E333-8FDC-42A3-9474-1A3956D46DE8}") = "Services", "Services", "{00E39A3E-0451-471A-B0DC-2C79A9517980}"
EndProject
Project("{2150E333-8FDC-42A3-9474-1A3956D46DE8}") = "Catalog", "Catalog", "{AE1D88D7-F059-4EB2-A43F-0BE817F38F10}"
EndProject
Project("{9A19103F-16F7-4668-BE54-9A1E7A4F7556}") = "Catalog.API", "Services\Catalog\Catalog.API\Catalog.API.csproj", "{39A45723-FA01-4E00-9112-A43D2EF894A2}"
EndProject
Project("{E53339B2-1760-4266-BCC7-CA923CBCF16C}") = "docker-compose", "docker-compose.dcproj", "{9F52EE58-3078-4FD1-9E29-145F9015698E}"
EndProject
Global
	GlobalSection(SolutionConfigurationPlatforms) = preSolution
		Debug|Any CPU = Debug|Any CPU
		Release|Any CPU = Release|Any CPU
	EndGlobalSection
	GlobalSection(ProjectConfigurationPlatforms) = postSolution
		{39A45723-FA01-4E00-9112-A43D2EF894A2}.Debug|Any CPU.ActiveCfg = Debug|Any CPU
		{39A45723-FA01-4E00-9112-A43D2EF894A2}.Debug|Any CPU.Build.0 = Debug|Any CPU
		{39A45723-FA01-4E00-9112-A43D2EF894A2}.Release|Any CPU.ActiveCfg = Release|Any CPU
		{39A45723-FA01-4E00-9112-A43D2EF894A2}.Release|Any CPU.Build.0 = Release|Any CPU
		{9F52EE58-3078-4FD1-9E29-145F9015698E}.Debug|Any CPU.ActiveCfg = Debug|Any CPU
		{9F52EE58-3078-4FD1-9E29-145F9015698E}.Debug|Any CPU.Build.0 = Debug|Any CPU
		{9F52EE58-3078-4FD1-9E29-145F9015698E}.Release|Any CPU.ActiveCfg = Release|Any CPU
		{9F52EE58-3078-4FD1-9E29-145F9015698E}.Release|Any CPU.Build.0 = Release|Any CPU
	EndGlobalSection
	GlobalSection(SolutionProperties) = preSolution
		HideSolutionNode = FALSE
	EndGlobalSection
	GlobalSection(NestedProjects) = preSolution
		{AE1D88D7-F059-4EB2-A43F-0BE817F38F10} = {00E39A3E-0451-471A-B0DC-2C79A9517980}
		{39A45723-FA01-4E00-9112-A43D2EF894A2} = {AE1D88D7-F059-4EB2-A43F-0BE817F38F10}
	EndGlobalSection
	GlobalSection(ExtensibilityGlobals) = postSolution
		SolutionGuid = {8296A7B4-10A9-4CC2-8D48-C8BD31C7ACB6}
	EndGlobalSection
EndGlobal
